
Microsoft Visual Studio Solution File, Format Version 12.00
# Visual Studio Version 16
VisualStudioVersion = 16.0.30011.22
MinimumVisualStudioVersion = 10.0.40219.1
Project("{9A19103F-16F7-4668-BE54-9A1E7A4F7556}") = "ObjectiveManagement.Web", "ObjectiveManagement.WEB\ObjectiveManagement.Web.csproj", "{B3A49424-4946-4725-8EB1-1595D618C2DE}"
EndProject
Project("{9A19103F-16F7-4668-BE54-9A1E7A4F7556}") = "ObjectiveManagement.DataAccess", "ObjectiveManagement.DataAccess\ObjectiveManagement.DataAccess.csproj", "{0AF3C37F-A98C-4C90-8F88-46F8E7F079BB}"
EndProject
Project("{FAE04EC0-301F-11D3-BF4B-00C04F79EFBC}") = "ObjectiveManagement.Domain.Contracts", "ObjectiveManagement.Domain.Contracts\ObjectiveManagement.Domain.Contracts.csproj", "{59528DB6-B52D-4AFD-815F-9C864CD37ACD}"
EndProject
Project("{FAE04EC0-301F-11D3-BF4B-00C04F79EFBC}") = "ObjectiveManagement.Domain.Implementations", "ObjectiveManagement.Domain.Implementations\ObjectiveManagement.Domain.Implementations.csproj", "{415D8581-227F-4EC0-9A9B-35A88A33B1C2}"
EndProject
Global
	GlobalSection(SolutionConfigurationPlatforms) = preSolution
		Debug|Any CPU = Debug|Any CPU
		Release|Any CPU = Release|Any CPU
	EndGlobalSection
	GlobalSection(ProjectConfigurationPlatforms) = postSolution
		{B3A49424-4946-4725-8EB1-1595D618C2DE}.Debug|Any CPU.ActiveCfg = Debug|Any CPU
		{B3A49424-4946-4725-8EB1-1595D618C2DE}.Debug|Any CPU.Build.0 = Debug|Any CPU
		{B3A49424-4946-4725-8EB1-1595D618C2DE}.Release|Any CPU.ActiveCfg = Release|Any CPU
		{B3A49424-4946-4725-8EB1-1595D618C2DE}.Release|Any CPU.Build.0 = Release|Any CPU
		{0AF3C37F-A98C-4C90-8F88-46F8E7F079BB}.Debug|Any CPU.ActiveCfg = Debug|Any CPU
		{0AF3C37F-A98C-4C90-8F88-46F8E7F079BB}.Debug|Any CPU.Build.0 = Debug|Any CPU
		{0AF3C37F-A98C-4C90-8F88-46F8E7F079BB}.Release|Any CPU.ActiveCfg = Release|Any CPU
		{0AF3C37F-A98C-4C90-8F88-46F8E7F079BB}.Release|Any CPU.Build.0 = Release|Any CPU
		{59528DB6-B52D-4AFD-815F-9C864CD37ACD}.Debug|Any CPU.ActiveCfg = Debug|Any CPU
		{59528DB6-B52D-4AFD-815F-9C864CD37ACD}.Debug|Any CPU.Build.0 = Debug|Any CPU
		{59528DB6-B52D-4AFD-815F-9C864CD37ACD}.Release|Any CPU.ActiveCfg = Release|Any CPU
		{59528DB6-B52D-4AFD-815F-9C864CD37ACD}.Release|Any CPU.Build.0 = Release|Any CPU
		{415D8581-227F-4EC0-9A9B-35A88A33B1C2}.Debug|Any CPU.ActiveCfg = Debug|Any CPU
		{415D8581-227F-4EC0-9A9B-35A88A33B1C2}.Debug|Any CPU.Build.0 = Debug|Any CPU
		{415D8581-227F-4EC0-9A9B-35A88A33B1C2}.Release|Any CPU.ActiveCfg = Release|Any CPU
		{415D8581-227F-4EC0-9A9B-35A88A33B1C2}.Release|Any CPU.Build.0 = Release|Any CPU
	EndGlobalSection
	GlobalSection(SolutionProperties) = preSolution
		HideSolutionNode = FALSE
	EndGlobalSection
	GlobalSection(ExtensibilityGlobals) = postSolution
		SolutionGuid = {D5A716FE-1568-4F61-96A8-DCCCA90EC371}
	EndGlobalSection
EndGlobal
